
Microsoft Visual Studio Solution File, Format Version 12.00
# Visual Studio Version 17
VisualStudioVersion = 17.3.32819.101
MinimumVisualStudioVersion = 10.0.40219.1
Project("{FAE04EC0-301F-11D3-BF4B-00C04F79EFBC}") = "scrapetest", "scrapetest\scrapetest.csproj", "{BB80B36C-78AC-47C4-85E4-5173F55E89BA}"
EndProject
Global
	GlobalSection(SolutionConfigurationPlatforms) = preSolution
		Debug|Any CPU = Debug|Any CPU
		Release|Any CPU = Release|Any CPU
	EndGlobalSection
	GlobalSection(ProjectConfigurationPlatforms) = postSolution
		{BB80B36C-78AC-47C4-85E4-5173F55E89BA}.Debug|Any CPU.ActiveCfg = Debug|Any CPU
		{BB80B36C-78AC-47C4-85E4-5173F55E89BA}.Debug|Any CPU.Build.0 = Debug|Any CPU
		{BB80B36C-78AC-47C4-85E4-5173F55E89BA}.Release|Any CPU.ActiveCfg = Release|Any CPU
		{BB80B36C-78AC-47C4-85E4-5173F55E89BA}.Release|Any CPU.Build.0 = Release|Any CPU
	EndGlobalSection
	GlobalSection(SolutionProperties) = preSolution
		HideSolutionNode = FALSE
	EndGlobalSection
	GlobalSection(ExtensibilityGlobals) = postSolution
		SolutionGuid = {4B5E61B0-E515-4C53-9E20-CB44870BB2E3}
	EndGlobalSection
EndGlobal
